
Microsoft Visual Studio Solution File, Format Version 12.00
# Visual Studio Version 16
VisualStudioVersion = 16.0.28803.202
MinimumVisualStudioVersion = 10.0.40219.1
Project("{FAE04EC0-301F-11D3-BF4B-00C04F79EFBC}") = "GTAMod", "GTAMod.csproj", "{074C866B-3DB4-4C5E-BD30-B6EB50B9A92D}"
EndProject
Global
	GlobalSection(SolutionConfigurationPlatforms) = preSolution
		Debug|Any CPU = Debug|Any CPU
		Release|Any CPU = Release|Any CPU
	EndGlobalSection
	GlobalSection(ProjectConfigurationPlatforms) = postSolution
		{074C866B-3DB4-4C5E-BD30-B6EB50B9A92D}.Debug|Any CPU.ActiveCfg = Debug|Any CPU
		{074C866B-3DB4-4C5E-BD30-B6EB50B9A92D}.Debug|Any CPU.Build.0 = Debug|Any CPU
		{074C866B-3DB4-4C5E-BD30-B6EB50B9A92D}.Release|Any CPU.ActiveCfg = Release|Any CPU
		{074C866B-3DB4-4C5E-BD30-B6EB50B9A92D}.Release|Any CPU.Build.0 = Release|Any CPU
	EndGlobalSection
	GlobalSection(SolutionProperties) = preSolution
		HideSolutionNode = FALSE
	EndGlobalSection
	GlobalSection(ExtensibilityGlobals) = postSolution
		SolutionGuid = {078DEB43-2CD9-4D85-A0AD-F109B8EFAD8F}
	EndGlobalSection
EndGlobal
